// !$*UTF8*$!
{
	archiveVersion = 1;
	classes = {
	};
	objectVersion = 77;
	objects = {

/* Begin PBXBuildFile section */
		015349D76C6748A7E2A41E1F /* LocalAnswerStorage.swift in Sources */ = {isa = PBXBuildFile; fileRef = 02E335C117D5FF872728F5B0 /* LocalAnswerStorage.swift */; };
		03D4E0477F6CAD3F7DBCAA47 /* NotificationManager.swift in Sources */ = {isa = PBXBuildFile; fileRef = 62B75FB0EA5BA9F69AF3E323 /* NotificationManager.swift */; };
		0B164F8AC5D529748951EF6C /* InsightsCardView.swift in Sources */ = {isa = PBXBuildFile; fileRef = 39EDCBF276BB2B46B38307F6 /* InsightsCardView.swift */; };
		0FDC01236CFD3443FA27A45C /* HistoryViewModel.swift in Sources */ = {isa = PBXBuildFile; fileRef = 3CEC920C25BC5A979C3F0253 /* HistoryViewModel.swift */; };
		12E5E143015C1776441F6F5F /* MockAPIClient.swift in Sources */ = {isa = PBXBuildFile; fileRef = 393F8818483E0E7701A1A328 /* MockAPIClient.swift */; };
		1B7C4B863956DA477A931C3C /* LoadingOverlay.swift in Sources */ = {isa = PBXBuildFile; fileRef = 71784E51191C7B135F175A35 /* LoadingOverlay.swift */; };
		21A658E2072F82F9451E2D51 /* RegistrationViewModel.swift in Sources */ = {isa = PBXBuildFile; fileRef = FA7144DFDCC0350CF613E06B /* RegistrationViewModel.swift */; };
		22CFA102A085208C5A02A0E3 /* TestDetailView+Helpers.swift in Sources */ = {isa = PBXBuildFile; fileRef = 7AC34CF425BCF0769C9BDCD9 /* TestDetailView+Helpers.swift */; };
		243E6FADFA76EE5B97002024 /* User.swift in Sources */ = {isa = PBXBuildFile; fileRef = 6521BFC6112CCF91F2B0CB52 /* User.swift */; };
		26CF5D1A1AA7C5B77A244EE6 /* Date+Extensions.swift in Sources */ = {isa = PBXBuildFile; fileRef = 89F7CBB463D9BFE8517D7F21 /* Date+Extensions.swift */; };
		2B6037CB6F9A0E3A3DD13B9E /* EmptyStateView.swift in Sources */ = {isa = PBXBuildFile; fileRef = 473678EF6D55B9C2E25ED72D /* EmptyStateView.swift */; };
		2C397E2E8437DE9B2E7EDC0E /* TestResultsView.swift in Sources */ = {isa = PBXBuildFile; fileRef = 11E187E84003BCA98C5744EB /* TestResultsView.swift */; };
		2C95FEDE80C248AF74AFA03D /* NetworkLogger.swift in Sources */ = {isa = PBXBuildFile; fileRef = E2663855F834DC8669ED571A /* NetworkLogger.swift */; };
		2D4E8A7B9C1F3D5E6A2B4C8F /* AnalyticsService.swift in Sources */ = {isa = PBXBuildFile; fileRef = A3B5C7D9E1F3A5B7C9D1E3F5 /* AnalyticsService.swift */; };
		322E3DEED30F9ADC78C2DA5C /* RetryPolicy.swift in Sources */ = {isa = PBXBuildFile; fileRef = C8406052CBAD0F63C70A944A /* RetryPolicy.swift */; };
		34143B15075FCB232026F3CA /* Typography.swift in Sources */ = {isa = PBXBuildFile; fileRef = A1941EA8F56F56B72E3C44F2 /* Typography.swift */; };
		348117B474C84837E6D632E6 /* MockAuthManager.swift in Sources */ = {isa = PBXBuildFile; fileRef = 6501168D09365431562DE84B /* MockAuthManager.swift */; };
		351F95043E2BEBB36F24E35F /* LoadingView.swift in Sources */ = {isa = PBXBuildFile; fileRef = 7ACE99643E658A7B23DA53C3 /* LoadingView.swift */; };
		354A07CEC538B8C1138FF155 /* RegistrationViewModelTests.swift in Sources */ = {isa = PBXBuildFile; fileRef = D54F75CF7CCF4C117C790432 /* RegistrationViewModelTests.swift */; };
		3D3F26FF367BD9BC77353227 /* TestTakingView.swift in Sources */ = {isa = PBXBuildFile; fileRef = F274204B05C0975C2504BF59 /* TestTakingView.swift */; };
		463B6496D534272DE2DB6125 /* ContentView.swift in Sources */ = {isa = PBXBuildFile; fileRef = 032F8945603646E89A4C0F12 /* ContentView.swift */; };
		46F689D5209ADA4F3C0619C6 /* DataCache.swift in Sources */ = {isa = PBXBuildFile; fileRef = 2C29486AFD5130B405113D8A /* DataCache.swift */; };
		4B51F0984F8C3838F4E8EFA5 /* CustomTextField.swift in Sources */ = {isa = PBXBuildFile; fileRef = 0C3B19EAE46533063BDD9DAF /* CustomTextField.swift */; };
		4BF3606C1AA521EF723F09E3 /* BaseViewModelTests.swift in Sources */ = {isa = PBXBuildFile; fileRef = D3EBC6D9606506F04F52D555 /* BaseViewModelTests.swift */; };
		4D1E9E5EE6540F1ECB01F60C /* TestDetailView.swift in Sources */ = {isa = PBXBuildFile; fileRef = 420BD147BE5F3B7A85137699 /* TestDetailView.swift */; };
		4E5C0B35D5517B8C1796DBAC /* DashboardView.swift in Sources */ = {isa = PBXBuildFile; fileRef = 7E54FA66E4F699B5F09EC5DA /* DashboardView.swift */; };
		4F161655DD9EDF1D39132FE6 /* AuthServiceProtocol.swift in Sources */ = {isa = PBXBuildFile; fileRef = 8E7BCB4CC05FA692DC3EE511 /* AuthServiceProtocol.swift */; };
		52B0B8DC01B04B3B8FF79EEF /* NotificationService.swift in Sources */ = {isa = PBXBuildFile; fileRef = 53CA2AD619C442D69F44A581 /* NotificationService.swift */; };
		530531E24E0ACE60A41AC0CC /* LoginViewModel.swift in Sources */ = {isa = PBXBuildFile; fileRef = 9D44EA52AA38A090775DF762 /* LoginViewModel.swift */; };
		53B2C01514AAE02D8B84AE2F /* MainTabView.swift in Sources */ = {isa = PBXBuildFile; fileRef = 37BB50D991A32B416A57E171 /* MainTabView.swift */; };
		55F4339B62B74D988BB3DB89 /* TestTakingViewModel.swift in Sources */ = {isa = PBXBuildFile; fileRef = C6A4D4307593985DE24E6FEB /* TestTakingViewModel.swift */; };
		59C22BCC893D44D1D6B0D8FD /* SettingsView.swift in Sources */ = {isa = PBXBuildFile; fileRef = 6FFC21540454C65F37BF4D00 /* SettingsView.swift */; };
		6738DF0A64349DA00F6F19AB /* DesignSystem.swift in Sources */ = {isa = PBXBuildFile; fileRef = 498BBF70632DA9D81653E606 /* DesignSystem.swift */; };
		6A8E2C9A29244DF090FF95E4 /* Validators.swift in Sources */ = {isa = PBXBuildFile; fileRef = 434B6F6E612E8135BEB9EF58 /* Validators.swift */; };
		6ACE6887E7912C56422B641D /* NotificationSettingsView.swift in Sources */ = {isa = PBXBuildFile; fileRef = 4920AEE7896263EFC006D52E /* NotificationSettingsView.swift */; };
		6DF5EFD0C18FAE3A2ABE79D7 /* TokenRefreshInterceptor.swift in Sources */ = {isa = PBXBuildFile; fileRef = C64FE278A925F2286ADD61B2 /* TokenRefreshInterceptor.swift */; };
		6E1EB0DAAF8F6606D18C1BCE /* ErrorBanner.swift in Sources */ = {isa = PBXBuildFile; fileRef = 67CEB2DCF7782567F9CBF677 /* ErrorBanner.swift */; };
		717530B196F1E5ACA7BCFA6F /* TestTakingViewModel+MockData.swift in Sources */ = {isa = PBXBuildFile; fileRef = 0F1EB27503C7AD5786387369 /* TestTakingViewModel+MockData.swift */; };
		7460650B71B8E7FD1FD123EE /* NetworkStatusBanner.swift in Sources */ = {isa = PBXBuildFile; fileRef = A46174E2D8FEE08DEBCAAE9C /* NetworkStatusBanner.swift */; };
		78F1F140FFAB9F0F2E04EF4E /* AppDelegate.swift in Sources */ = {isa = PBXBuildFile; fileRef = 220AB5C8EBF32FEBE3533030 /* AppDelegate.swift */; };
		800D854C2A16D5BCF6A3A0C6 /* HistoryView.swift in Sources */ = {isa = PBXBuildFile; fileRef = 48800FF67D75A5E99360F823 /* HistoryView.swift */; };
		8157ADA4E6ECBAC294EF3847 /* DashboardViewModel.swift in Sources */ = {isa = PBXBuildFile; fileRef = 7439E4A25DFCFDBAEDED570C /* DashboardViewModel.swift */; };
		839DA70AA82533D50930E73F /* String+Extensions.swift in Sources */ = {isa = PBXBuildFile; fileRef = B5417B4CD26041562A41E46B /* String+Extensions.swift */; };
		87847D4F6921B82896C57328 /* APIClient.swift in Sources */ = {isa = PBXBuildFile; fileRef = D588304008C2CFF98967110F /* APIClient.swift */; };
		89481B3B3B6250D18FB1CBCF /* NetworkMonitor.swift in Sources */ = {isa = PBXBuildFile; fileRef = D5F42C32E420524BE19718FA /* NetworkMonitor.swift */; };
		899C55ED04C9CB82D0982A14 /* APIError.swift in Sources */ = {isa = PBXBuildFile; fileRef = 741695D7A49F00677C7CADBD /* APIError.swift */; };
		8F162E02A7B1DF68E089D685 /* AuthService.swift in Sources */ = {isa = PBXBuildFile; fileRef = 80193C5570A9CD7D1AFA9386 /* AuthService.swift */; };
		91429C7C16E238E0C072F0E3 /* KeychainStorage.swift in Sources */ = {isa = PBXBuildFile; fileRef = 3E09B407D867D4141B0DAB81 /* KeychainStorage.swift */; };
		941A5FDD13415534E0F0FA1F /* RequestInterceptor.swift in Sources */ = {isa = PBXBuildFile; fileRef = A60BF6153CD6BF7A06AAD263 /* RequestInterceptor.swift */; };
		9469FACC6CB7EE0D538EEFED /* QuestionNavigationGrid.swift in Sources */ = {isa = PBXBuildFile; fileRef = E764D56ADDDFB5126C75B29F /* QuestionNavigationGrid.swift */; };
		95C81A1F6CCE0B3C5FB3D25E /* ViewModelProtocol.swift in Sources */ = {isa = PBXBuildFile; fileRef = 565BB90693929F5317496786 /* ViewModelProtocol.swift */; };
		96C201B39BD49675D938708E /* Question.swift in Sources */ = {isa = PBXBuildFile; fileRef = 6EFDBB8E31CBDCB816DDF108 /* Question.swift */; };
		9706C70DE6F5A17621F0C778 /* SavedTestProgress.swift in Sources */ = {isa = PBXBuildFile; fileRef = EAD450FEDB645BEA1DF45183 /* SavedTestProgress.swift */; };
		9ECF18887ECC57B03496959F /* View+Extensions.swift in Sources */ = {isa = PBXBuildFile; fileRef = 5261BFE90E4BE297C8F4D661 /* View+Extensions.swift */; };
		9F6B77E6B495AAFC6439CD43 /* RegistrationView.swift in Sources */ = {isa = PBXBuildFile; fileRef = C41D1590ED26BCAF95CA3650 /* RegistrationView.swift */; };
		A15A26EBC8ABA9C684463682 /* PerformanceInsights.swift in Sources */ = {isa = PBXBuildFile; fileRef = 44E3B9AF14D9593F81DEF87F /* PerformanceInsights.swift */; };
		A450BDE1AC3B5ED5396006B8 /* IQTrendChart.swift in Sources */ = {isa = PBXBuildFile; fileRef = 0E0AA74D5D349775D6001FAA /* IQTrendChart.swift */; };
		A456DCF6620AFC49DC1594E7 /* WelcomeView.swift in Sources */ = {isa = PBXBuildFile; fileRef = 511F20E653108CE007281485 /* WelcomeView.swift */; };
		A6FE5141F061D18080388EBF /* ColorPalette.swift in Sources */ = {isa = PBXBuildFile; fileRef = 2AC337DE18B966F35FBA132D /* ColorPalette.swift */; };
		AE2042EC9205E1ABCDEA4990 /* SwiftUI.framework in Frameworks */ = {isa = PBXBuildFile; fileRef = 1CED6BD6ED806B6CE39A12D8 /* SwiftUI.framework */; };
		AE62AA3C08E95DB228CACE7F /* Assets.xcassets in Resources */ = {isa = PBXBuildFile; fileRef = 7A0B3336ACC1395A6017781A /* Assets.xcassets */; };
		B21BA9DD4167BDF1852D1EC8 /* AppConfig.swift in Sources */ = {isa = PBXBuildFile; fileRef = 2A1A0D7C2A77C6D1B6AFAC46 /* AppConfig.swift */; };
		B23A55ED0D362D1647AFD2AA /* TestProgressView.swift in Sources */ = {isa = PBXBuildFile; fileRef = 838E36535E4A65E426992EAE /* TestProgressView.swift */; };
		B9ED84EC51137DEBAAED6983 /* ErrorView.swift in Sources */ = {isa = PBXBuildFile; fileRef = 9AA15DF43B47008B21D0BCF9 /* ErrorView.swift */; };
		BB0A35ADCC8900F61FF3AA69 /* IQTrackerApp.swift in Sources */ = {isa = PBXBuildFile; fileRef = B67FA448BFAB112EAB0F5C41 /* IQTrackerApp.swift */; };
		BDD8082177D8D3108C6F2543 /* AnswerInputView.swift in Sources */ = {isa = PBXBuildFile; fileRef = EA7033CFEF53C70F37F31A02 /* AnswerInputView.swift */; };
		BFF4359E4728C06CE24F7D38 /* PrimaryButton.swift in Sources */ = {isa = PBXBuildFile; fileRef = 36E8B9155D2D60439EDA7C02 /* PrimaryButton.swift */; };
		C724BDDCDE04C6024C537E6A /* Auth.swift in Sources */ = {isa = PBXBuildFile; fileRef = 65C37CC31D01E82510D06904 /* Auth.swift */; };
		C87861B0E1FC354674C088A6 /* RegistrationViewModelValidationTests.swift in Sources */ = {isa = PBXBuildFile; fileRef = 4E9D80DD93370014E289266F /* RegistrationViewModelValidationTests.swift */; };
		CB53CBAECADC29C37C7D6EB9 /* TestSession.swift in Sources */ = {isa = PBXBuildFile; fileRef = 86E43C061ABEE2ECA98EAFF1 /* TestSession.swift */; };
		CF07968ED73AAC85C285FBDD /* AuthManager.swift in Sources */ = {isa = PBXBuildFile; fileRef = 6C93C10094A1EA5A4B6124EE /* AuthManager.swift */; };
		D04137C13259CE5C9D267435 /* BaseViewModel.swift in Sources */ = {isa = PBXBuildFile; fileRef = 5797E5D16A75977F1346CB94 /* BaseViewModel.swift */; };
		D4F6AC949335597F012013FC /* RootView.swift in Sources */ = {isa = PBXBuildFile; fileRef = FBEE4A6F5EB368890F6507C8 /* RootView.swift */; };
		D88029805B3118E461FA3658 /* TestResult.swift in Sources */ = {isa = PBXBuildFile; fileRef = 0056CC6BC1A9215EF25A11B0 /* TestResult.swift */; };
		E1461CEF734E470485969D85 /* AuthManagerProtocol.swift in Sources */ = {isa = PBXBuildFile; fileRef = 676A5A2950F1BD7859D35DC3 /* AuthManagerProtocol.swift */; };
		E8DC7E76D64DF32DCCCAB102 /* TestHistoryListItem.swift in Sources */ = {isa = PBXBuildFile; fileRef = 5AA5F757688E9D59CB558163 /* TestHistoryListItem.swift */; };
		EECD2F2DDE32F01356802851 /* SecureStorageProtocol.swift in Sources */ = {isa = PBXBuildFile; fileRef = C3AD4E8BA8243FCABD9E4FB4 /* SecureStorageProtocol.swift */; };
		F09F453DD0F5E046CF0F68C2 /* LoginViewModelTests.swift in Sources */ = {isa = PBXBuildFile; fileRef = 3129F8CF191C5693FFD770D4 /* LoginViewModelTests.swift */; };
		F7480280BCE683D14926BD93 /* NotificationSettingsViewModel.swift in Sources */ = {isa = PBXBuildFile; fileRef = 0F6487DD574F26453779E268 /* NotificationSettingsViewModel.swift */; };
		FB3D1D04F6A27722E71C7F97 /* QuestionCardView.swift in Sources */ = {isa = PBXBuildFile; fileRef = 830D779DEE0CF101CA007C56 /* QuestionCardView.swift */; };
/* End PBXBuildFile section */

/* Begin PBXContainerItemProxy section */
		89ACD3EE3DB705A435C7DC2F /* PBXContainerItemProxy */ = {
			isa = PBXContainerItemProxy;
			containerPortal = 3CE77B9B59A13917FC3CE867 /* IQTracker.xcodeproj */;
			proxyType = 2;
			remoteGlobalIDString = 9991BD48AC67777078326042;
			remoteInfo = Subproject;
		};
		F87C1CEC92B4F71BA70C738E /* PBXContainerItemProxy */ = {
			isa = PBXContainerItemProxy;
			containerPortal = 3CE77B9B59A13917FC3CE867 /* IQTracker.xcodeproj */;
			proxyType = 2;
			remoteGlobalIDString = 2CEC069BFB05B84DA04D4F18;
			remoteInfo = Subproject;
		};
		FB8E748FA7DE2B1BF12F9BBE /* PBXContainerItemProxy */ = {
			isa = PBXContainerItemProxy;
			containerPortal = 583F9FE9CB7C10A5D27386BB /* Project object */;
			proxyType = 1;
			remoteGlobalIDString = 23A0A6B356F16A47EDFDB64C;
			remoteInfo = IQTracker;
		};
/* End PBXContainerItemProxy section */

/* Begin PBXFileReference section */
		0056CC6BC1A9215EF25A11B0 /* TestResult.swift */ = {isa = PBXFileReference; lastKnownFileType = sourcecode.swift; path = TestResult.swift; sourceTree = "<group>"; };
		02E335C117D5FF872728F5B0 /* LocalAnswerStorage.swift */ = {isa = PBXFileReference; lastKnownFileType = sourcecode.swift; path = LocalAnswerStorage.swift; sourceTree = "<group>"; };
		032F8945603646E89A4C0F12 /* ContentView.swift */ = {isa = PBXFileReference; lastKnownFileType = sourcecode.swift; path = ContentView.swift; sourceTree = "<group>"; };
		0C3B19EAE46533063BDD9DAF /* CustomTextField.swift */ = {isa = PBXFileReference; lastKnownFileType = sourcecode.swift; path = CustomTextField.swift; sourceTree = "<group>"; };
		0E0AA74D5D349775D6001FAA /* IQTrendChart.swift */ = {isa = PBXFileReference; lastKnownFileType = sourcecode.swift; path = IQTrendChart.swift; sourceTree = "<group>"; };
		0F1EB27503C7AD5786387369 /* TestTakingViewModel+MockData.swift */ = {isa = PBXFileReference; lastKnownFileType = sourcecode.swift; path = "TestTakingViewModel+MockData.swift"; sourceTree = "<group>"; };
		0F6487DD574F26453779E268 /* NotificationSettingsViewModel.swift */ = {isa = PBXFileReference; includeInIndex = 1; lastKnownFileType = sourcecode.swift; path = NotificationSettingsViewModel.swift; sourceTree = "<group>"; };
		11E187E84003BCA98C5744EB /* TestResultsView.swift */ = {isa = PBXFileReference; lastKnownFileType = sourcecode.swift; path = TestResultsView.swift; sourceTree = "<group>"; };
		1CED6BD6ED806B6CE39A12D8 /* SwiftUI.framework */ = {isa = PBXFileReference; lastKnownFileType = wrapper.framework; name = SwiftUI.framework; path = System/Library/Frameworks/SwiftUI.framework; sourceTree = SDKROOT; };
		220AB5C8EBF32FEBE3533030 /* AppDelegate.swift */ = {isa = PBXFileReference; lastKnownFileType = sourcecode.swift; path = AppDelegate.swift; sourceTree = "<group>"; };
		2A1A0D7C2A77C6D1B6AFAC46 /* AppConfig.swift */ = {isa = PBXFileReference; lastKnownFileType = sourcecode.swift; path = AppConfig.swift; sourceTree = "<group>"; };
		2A92FBC0678B2E896CA141C9 /* Info.plist */ = {isa = PBXFileReference; lastKnownFileType = text.plist; path = Info.plist; sourceTree = "<group>"; };
		2AC337DE18B966F35FBA132D /* ColorPalette.swift */ = {isa = PBXFileReference; includeInIndex = 1; lastKnownFileType = sourcecode.swift; path = ColorPalette.swift; sourceTree = "<group>"; };
		2C29486AFD5130B405113D8A /* DataCache.swift */ = {isa = PBXFileReference; lastKnownFileType = sourcecode.swift; path = DataCache.swift; sourceTree = "<group>"; };
		2CEC069BFB05B84DA04D4F18 /* IQTracker.app */ = {isa = PBXFileReference; includeInIndex = 0; lastKnownFileType = wrapper.application; path = IQTracker.app; sourceTree = BUILT_PRODUCTS_DIR; };
		3129F8CF191C5693FFD770D4 /* LoginViewModelTests.swift */ = {isa = PBXFileReference; lastKnownFileType = sourcecode.swift; path = LoginViewModelTests.swift; sourceTree = "<group>"; };
		36E8B9155D2D60439EDA7C02 /* PrimaryButton.swift */ = {isa = PBXFileReference; lastKnownFileType = sourcecode.swift; path = PrimaryButton.swift; sourceTree = "<group>"; };
		37BB50D991A32B416A57E171 /* MainTabView.swift */ = {isa = PBXFileReference; lastKnownFileType = sourcecode.swift; path = MainTabView.swift; sourceTree = "<group>"; };
		393F8818483E0E7701A1A328 /* MockAPIClient.swift */ = {isa = PBXFileReference; lastKnownFileType = sourcecode.swift; path = MockAPIClient.swift; sourceTree = "<group>"; };
		39EDCBF276BB2B46B38307F6 /* InsightsCardView.swift */ = {isa = PBXFileReference; lastKnownFileType = sourcecode.swift; path = InsightsCardView.swift; sourceTree = "<group>"; };
		3CE77B9B59A13917FC3CE867 /* IQTracker.xcodeproj */ = {isa = PBXFileReference; lastKnownFileType = "wrapper.pb-project"; path = IQTracker.xcodeproj; sourceTree = "<group>"; };
		3CEC920C25BC5A979C3F0253 /* HistoryViewModel.swift */ = {isa = PBXFileReference; lastKnownFileType = sourcecode.swift; path = HistoryViewModel.swift; sourceTree = "<group>"; };
		3E09B407D867D4141B0DAB81 /* KeychainStorage.swift */ = {isa = PBXFileReference; lastKnownFileType = sourcecode.swift; path = KeychainStorage.swift; sourceTree = "<group>"; };
		420BD147BE5F3B7A85137699 /* TestDetailView.swift */ = {isa = PBXFileReference; lastKnownFileType = sourcecode.swift; path = TestDetailView.swift; sourceTree = "<group>"; };
		434B6F6E612E8135BEB9EF58 /* Validators.swift */ = {isa = PBXFileReference; lastKnownFileType = sourcecode.swift; path = Validators.swift; sourceTree = "<group>"; };
		44E3B9AF14D9593F81DEF87F /* PerformanceInsights.swift */ = {isa = PBXFileReference; lastKnownFileType = sourcecode.swift; path = PerformanceInsights.swift; sourceTree = "<group>"; };
		473678EF6D55B9C2E25ED72D /* EmptyStateView.swift */ = {isa = PBXFileReference; lastKnownFileType = sourcecode.swift; path = EmptyStateView.swift; sourceTree = "<group>"; };
		48800FF67D75A5E99360F823 /* HistoryView.swift */ = {isa = PBXFileReference; lastKnownFileType = sourcecode.swift; path = HistoryView.swift; sourceTree = "<group>"; };
		4920AEE7896263EFC006D52E /* NotificationSettingsView.swift */ = {isa = PBXFileReference; includeInIndex = 1; lastKnownFileType = sourcecode.swift; path = NotificationSettingsView.swift; sourceTree = "<group>"; };
		498BBF70632DA9D81653E606 /* DesignSystem.swift */ = {isa = PBXFileReference; includeInIndex = 1; lastKnownFileType = sourcecode.swift; path = DesignSystem.swift; sourceTree = "<group>"; };
		4E9D80DD93370014E289266F /* RegistrationViewModelValidationTests.swift */ = {isa = PBXFileReference; lastKnownFileType = sourcecode.swift; path = RegistrationViewModelValidationTests.swift; sourceTree = "<group>"; };
		511F20E653108CE007281485 /* WelcomeView.swift */ = {isa = PBXFileReference; lastKnownFileType = sourcecode.swift; path = WelcomeView.swift; sourceTree = "<group>"; };
		5261BFE90E4BE297C8F4D661 /* View+Extensions.swift */ = {isa = PBXFileReference; lastKnownFileType = sourcecode.swift; path = "View+Extensions.swift"; sourceTree = "<group>"; };
		53CA2AD619C442D69F44A581 /* NotificationService.swift */ = {isa = PBXFileReference; lastKnownFileType = sourcecode.swift; path = NotificationService.swift; sourceTree = "<group>"; };
		54A82E41DC9C54475BC41B81 /* IQTracker.entitlements */ = {isa = PBXFileReference; lastKnownFileType = text.plist.entitlements; path = IQTracker.entitlements; sourceTree = "<group>"; };
		565BB90693929F5317496786 /* ViewModelProtocol.swift */ = {isa = PBXFileReference; lastKnownFileType = sourcecode.swift; path = ViewModelProtocol.swift; sourceTree = "<group>"; };
		5797E5D16A75977F1346CB94 /* BaseViewModel.swift */ = {isa = PBXFileReference; lastKnownFileType = sourcecode.swift; path = BaseViewModel.swift; sourceTree = "<group>"; };
		5AA5F757688E9D59CB558163 /* TestHistoryListItem.swift */ = {isa = PBXFileReference; lastKnownFileType = sourcecode.swift; path = TestHistoryListItem.swift; sourceTree = "<group>"; };
		62B75FB0EA5BA9F69AF3E323 /* NotificationManager.swift */ = {isa = PBXFileReference; includeInIndex = 1; lastKnownFileType = sourcecode.swift; path = NotificationManager.swift; sourceTree = "<group>"; };
		6501168D09365431562DE84B /* MockAuthManager.swift */ = {isa = PBXFileReference; lastKnownFileType = sourcecode.swift; path = MockAuthManager.swift; sourceTree = "<group>"; };
		6521BFC6112CCF91F2B0CB52 /* User.swift */ = {isa = PBXFileReference; lastKnownFileType = sourcecode.swift; path = User.swift; sourceTree = "<group>"; };
		65C37CC31D01E82510D06904 /* Auth.swift */ = {isa = PBXFileReference; lastKnownFileType = sourcecode.swift; path = Auth.swift; sourceTree = "<group>"; };
		676A5A2950F1BD7859D35DC3 /* AuthManagerProtocol.swift */ = {isa = PBXFileReference; lastKnownFileType = sourcecode.swift; path = AuthManagerProtocol.swift; sourceTree = "<group>"; };
		67CEB2DCF7782567F9CBF677 /* ErrorBanner.swift */ = {isa = PBXFileReference; lastKnownFileType = sourcecode.swift; path = ErrorBanner.swift; sourceTree = "<group>"; };
		6C93C10094A1EA5A4B6124EE /* AuthManager.swift */ = {isa = PBXFileReference; lastKnownFileType = sourcecode.swift; path = AuthManager.swift; sourceTree = "<group>"; };
		6EFDBB8E31CBDCB816DDF108 /* Question.swift */ = {isa = PBXFileReference; lastKnownFileType = sourcecode.swift; path = Question.swift; sourceTree = "<group>"; };
		6FFC21540454C65F37BF4D00 /* SettingsView.swift */ = {isa = PBXFileReference; lastKnownFileType = sourcecode.swift; path = SettingsView.swift; sourceTree = "<group>"; };
		71784E51191C7B135F175A35 /* LoadingOverlay.swift */ = {isa = PBXFileReference; lastKnownFileType = sourcecode.swift; path = LoadingOverlay.swift; sourceTree = "<group>"; };
		741695D7A49F00677C7CADBD /* APIError.swift */ = {isa = PBXFileReference; lastKnownFileType = sourcecode.swift; path = APIError.swift; sourceTree = "<group>"; };
		7439E4A25DFCFDBAEDED570C /* DashboardViewModel.swift */ = {isa = PBXFileReference; lastKnownFileType = sourcecode.swift; path = DashboardViewModel.swift; sourceTree = "<group>"; };
		7A0B3336ACC1395A6017781A /* Assets.xcassets */ = {isa = PBXFileReference; lastKnownFileType = folder.assetcatalog; path = Assets.xcassets; sourceTree = "<group>"; };
		7AC34CF425BCF0769C9BDCD9 /* TestDetailView+Helpers.swift */ = {isa = PBXFileReference; lastKnownFileType = sourcecode.swift; path = "TestDetailView+Helpers.swift"; sourceTree = "<group>"; };
		7ACE99643E658A7B23DA53C3 /* LoadingView.swift */ = {isa = PBXFileReference; lastKnownFileType = sourcecode.swift; path = LoadingView.swift; sourceTree = "<group>"; };
		7E54FA66E4F699B5F09EC5DA /* DashboardView.swift */ = {isa = PBXFileReference; lastKnownFileType = sourcecode.swift; path = DashboardView.swift; sourceTree = "<group>"; };
		80193C5570A9CD7D1AFA9386 /* AuthService.swift */ = {isa = PBXFileReference; lastKnownFileType = sourcecode.swift; path = AuthService.swift; sourceTree = "<group>"; };
		830D779DEE0CF101CA007C56 /* QuestionCardView.swift */ = {isa = PBXFileReference; lastKnownFileType = sourcecode.swift; path = QuestionCardView.swift; sourceTree = "<group>"; };
		838E36535E4A65E426992EAE /* TestProgressView.swift */ = {isa = PBXFileReference; lastKnownFileType = sourcecode.swift; path = TestProgressView.swift; sourceTree = "<group>"; };
		86E43C061ABEE2ECA98EAFF1 /* TestSession.swift */ = {isa = PBXFileReference; lastKnownFileType = sourcecode.swift; path = TestSession.swift; sourceTree = "<group>"; };
		89F7CBB463D9BFE8517D7F21 /* Date+Extensions.swift */ = {isa = PBXFileReference; lastKnownFileType = sourcecode.swift; path = "Date+Extensions.swift"; sourceTree = "<group>"; };
		8E7BCB4CC05FA692DC3EE511 /* AuthServiceProtocol.swift */ = {isa = PBXFileReference; lastKnownFileType = sourcecode.swift; path = AuthServiceProtocol.swift; sourceTree = "<group>"; };
		9991BD48AC67777078326042 /* IQTrackerTests.xctest */ = {isa = PBXFileReference; includeInIndex = 0; lastKnownFileType = wrapper.cfbundle; path = IQTrackerTests.xctest; sourceTree = BUILT_PRODUCTS_DIR; };
		9AA15DF43B47008B21D0BCF9 /* ErrorView.swift */ = {isa = PBXFileReference; lastKnownFileType = sourcecode.swift; path = ErrorView.swift; sourceTree = "<group>"; };
		9D44EA52AA38A090775DF762 /* LoginViewModel.swift */ = {isa = PBXFileReference; lastKnownFileType = sourcecode.swift; path = LoginViewModel.swift; sourceTree = "<group>"; };
		A1941EA8F56F56B72E3C44F2 /* Typography.swift */ = {isa = PBXFileReference; includeInIndex = 1; lastKnownFileType = sourcecode.swift; path = Typography.swift; sourceTree = "<group>"; };
		A3B5C7D9E1F3A5B7C9D1E3F5 /* AnalyticsService.swift */ = {isa = PBXFileReference; lastKnownFileType = sourcecode.swift; path = AnalyticsService.swift; sourceTree = "<group>"; };
		A46174E2D8FEE08DEBCAAE9C /* NetworkStatusBanner.swift */ = {isa = PBXFileReference; lastKnownFileType = sourcecode.swift; path = NetworkStatusBanner.swift; sourceTree = "<group>"; };
		A60BF6153CD6BF7A06AAD263 /* RequestInterceptor.swift */ = {isa = PBXFileReference; lastKnownFileType = sourcecode.swift; path = RequestInterceptor.swift; sourceTree = "<group>"; };
		B5417B4CD26041562A41E46B /* String+Extensions.swift */ = {isa = PBXFileReference; lastKnownFileType = sourcecode.swift; path = "String+Extensions.swift"; sourceTree = "<group>"; };
		B67FA448BFAB112EAB0F5C41 /* IQTrackerApp.swift */ = {isa = PBXFileReference; lastKnownFileType = sourcecode.swift; path = IQTrackerApp.swift; sourceTree = "<group>"; };
		C3AD4E8BA8243FCABD9E4FB4 /* SecureStorageProtocol.swift */ = {isa = PBXFileReference; lastKnownFileType = sourcecode.swift; path = SecureStorageProtocol.swift; sourceTree = "<group>"; };
		C41D1590ED26BCAF95CA3650 /* RegistrationView.swift */ = {isa = PBXFileReference; lastKnownFileType = sourcecode.swift; path = RegistrationView.swift; sourceTree = "<group>"; };
		C64FE278A925F2286ADD61B2 /* TokenRefreshInterceptor.swift */ = {isa = PBXFileReference; lastKnownFileType = sourcecode.swift; path = TokenRefreshInterceptor.swift; sourceTree = "<group>"; };
		C6A4D4307593985DE24E6FEB /* TestTakingViewModel.swift */ = {isa = PBXFileReference; lastKnownFileType = sourcecode.swift; path = TestTakingViewModel.swift; sourceTree = "<group>"; };
		C8406052CBAD0F63C70A944A /* RetryPolicy.swift */ = {isa = PBXFileReference; lastKnownFileType = sourcecode.swift; path = RetryPolicy.swift; sourceTree = "<group>"; };
		D3EBC6D9606506F04F52D555 /* BaseViewModelTests.swift */ = {isa = PBXFileReference; lastKnownFileType = sourcecode.swift; path = BaseViewModelTests.swift; sourceTree = "<group>"; };
		D54F75CF7CCF4C117C790432 /* RegistrationViewModelTests.swift */ = {isa = PBXFileReference; lastKnownFileType = sourcecode.swift; path = RegistrationViewModelTests.swift; sourceTree = "<group>"; };
		D588304008C2CFF98967110F /* APIClient.swift */ = {isa = PBXFileReference; lastKnownFileType = sourcecode.swift; path = APIClient.swift; sourceTree = "<group>"; };
		D5F42C32E420524BE19718FA /* NetworkMonitor.swift */ = {isa = PBXFileReference; lastKnownFileType = sourcecode.swift; path = NetworkMonitor.swift; sourceTree = "<group>"; };
		E2663855F834DC8669ED571A /* NetworkLogger.swift */ = {isa = PBXFileReference; lastKnownFileType = sourcecode.swift; path = NetworkLogger.swift; sourceTree = "<group>"; };
		E764D56ADDDFB5126C75B29F /* QuestionNavigationGrid.swift */ = {isa = PBXFileReference; lastKnownFileType = sourcecode.swift; path = QuestionNavigationGrid.swift; sourceTree = "<group>"; };
		EA7033CFEF53C70F37F31A02 /* AnswerInputView.swift */ = {isa = PBXFileReference; lastKnownFileType = sourcecode.swift; path = AnswerInputView.swift; sourceTree = "<group>"; };
		EAD450FEDB645BEA1DF45183 /* SavedTestProgress.swift */ = {isa = PBXFileReference; lastKnownFileType = sourcecode.swift; path = SavedTestProgress.swift; sourceTree = "<group>"; };
		F274204B05C0975C2504BF59 /* TestTakingView.swift */ = {isa = PBXFileReference; lastKnownFileType = sourcecode.swift; path = TestTakingView.swift; sourceTree = "<group>"; };
		FA7144DFDCC0350CF613E06B /* RegistrationViewModel.swift */ = {isa = PBXFileReference; lastKnownFileType = sourcecode.swift; path = RegistrationViewModel.swift; sourceTree = "<group>"; };
		FBEE4A6F5EB368890F6507C8 /* RootView.swift */ = {isa = PBXFileReference; lastKnownFileType = sourcecode.swift; path = RootView.swift; sourceTree = "<group>"; };
/* End PBXFileReference section */

/* Begin PBXFrameworksBuildPhase section */
		4335A565C19AD5D825B43631 /* Frameworks */ = {
			isa = PBXFrameworksBuildPhase;
			buildActionMask = 2147483647;
			files = (
				AE2042EC9205E1ABCDEA4990 /* SwiftUI.framework in Frameworks */,
			);
			runOnlyForDeploymentPostprocessing = 0;
		};
/* End PBXFrameworksBuildPhase section */

/* Begin PBXGroup section */
		055F17F3D066294DB72A2006 /* Mocks */ = {
			isa = PBXGroup;
			children = (
				6501168D09365431562DE84B /* MockAuthManager.swift */,
			);
			path = Mocks;
			sourceTree = "<group>";
		};
		0CF338C0D0FFA2CB33019FFF /* ViewModels */ = {
			isa = PBXGroup;
			children = (
				D3EBC6D9606506F04F52D555 /* BaseViewModelTests.swift */,
				3129F8CF191C5693FFD770D4 /* LoginViewModelTests.swift */,
				D54F75CF7CCF4C117C790432 /* RegistrationViewModelTests.swift */,
				4E9D80DD93370014E289266F /* RegistrationViewModelValidationTests.swift */,
			);
			path = ViewModels;
			sourceTree = "<group>";
		};
		0DFE842AB5DA87E9919CD688 /* Design */ = {
			isa = PBXGroup;
			children = (
				2AC337DE18B966F35FBA132D /* ColorPalette.swift */,
				498BBF70632DA9D81653E606 /* DesignSystem.swift */,
				A1941EA8F56F56B72E3C44F2 /* Typography.swift */,
			);
			name = Design;
			path = Design;
			sourceTree = "<group>";
		};
		11589E4F7E2ED80A00CBAF38 /* History */ = {
			isa = PBXGroup;
			children = (
				48800FF67D75A5E99360F823 /* HistoryView.swift */,
				39EDCBF276BB2B46B38307F6 /* InsightsCardView.swift */,
				0E0AA74D5D349775D6001FAA /* IQTrendChart.swift */,
				420BD147BE5F3B7A85137699 /* TestDetailView.swift */,
				7AC34CF425BCF0769C9BDCD9 /* TestDetailView+Helpers.swift */,
				5AA5F757688E9D59CB558163 /* TestHistoryListItem.swift */,
			);
			path = History;
			sourceTree = "<group>";
		};
		12CC20E9AA7ED05430234E9B /* Utilities */ = {
			isa = PBXGroup;
			children = (
				9054A169857654BFC2A579CC /* Extensions */,
				C47135858E341B2ED50A619C /* Helpers */,
				0DFE842AB5DA87E9919CD688 /* Design */,
			);
			path = Utilities;
			sourceTree = "<group>";
		};
		19457F6CEF4C46AAD35D0518 /* Models */ = {
			isa = PBXGroup;
			children = (
				741695D7A49F00677C7CADBD /* APIError.swift */,
				65C37CC31D01E82510D06904 /* Auth.swift */,
				44E3B9AF14D9593F81DEF87F /* PerformanceInsights.swift */,
				6EFDBB8E31CBDCB816DDF108 /* Question.swift */,
				EAD450FEDB645BEA1DF45183 /* SavedTestProgress.swift */,
				0056CC6BC1A9215EF25A11B0 /* TestResult.swift */,
				86E43C061ABEE2ECA98EAFF1 /* TestSession.swift */,
				6521BFC6112CCF91F2B0CB52 /* User.swift */,
			);
			path = Models;
			sourceTree = "<group>";
		};
		209A206DB60F9D5CE07F8436 /* Frameworks */ = {
			isa = PBXGroup;
			children = (
				1CED6BD6ED806B6CE39A12D8 /* SwiftUI.framework */,
			);
			name = Frameworks;
			sourceTree = "<group>";
		};
		2435EBB8ED00DA11629F1B10 /* Views */ = {
			isa = PBXGroup;
			children = (
				331B82549E5F951AE4F21997 /* Auth */,
				8F2E6D36A26ACC6EFAF5833C /* Common */,
				D460B8527E0ABFDA28B1CBA9 /* Dashboard */,
				11589E4F7E2ED80A00CBAF38 /* History */,
				296868952E4F61472E69DE01 /* Settings */,
				2EFFC4B2B3E26DB10FFE27C7 /* Test */,
			);
			path = Views;
			sourceTree = "<group>";
		};
		25C537FD0D2CE13ADC5D0CEF /* ViewModels */ = {
			isa = PBXGroup;
			children = (
				5797E5D16A75977F1346CB94 /* BaseViewModel.swift */,
				7439E4A25DFCFDBAEDED570C /* DashboardViewModel.swift */,
				3CEC920C25BC5A979C3F0253 /* HistoryViewModel.swift */,
				9D44EA52AA38A090775DF762 /* LoginViewModel.swift */,
				FA7144DFDCC0350CF613E06B /* RegistrationViewModel.swift */,
				C6A4D4307593985DE24E6FEB /* TestTakingViewModel.swift */,
				0F1EB27503C7AD5786387369 /* TestTakingViewModel+MockData.swift */,
				565BB90693929F5317496786 /* ViewModelProtocol.swift */,
				0F6487DD574F26453779E268 /* NotificationSettingsViewModel.swift */,
			);
			path = ViewModels;
			sourceTree = "<group>";
		};
		296868952E4F61472E69DE01 /* Settings */ = {
			isa = PBXGroup;
			children = (
				6FFC21540454C65F37BF4D00 /* SettingsView.swift */,
				4920AEE7896263EFC006D52E /* NotificationSettingsView.swift */,
			);
			path = Settings;
			sourceTree = "<group>";
		};
		2EFFC4B2B3E26DB10FFE27C7 /* Test */ = {
			isa = PBXGroup;
			children = (
				EA7033CFEF53C70F37F31A02 /* AnswerInputView.swift */,
				830D779DEE0CF101CA007C56 /* QuestionCardView.swift */,
				E764D56ADDDFB5126C75B29F /* QuestionNavigationGrid.swift */,
				838E36535E4A65E426992EAE /* TestProgressView.swift */,
				11E187E84003BCA98C5744EB /* TestResultsView.swift */,
				F274204B05C0975C2504BF59 /* TestTakingView.swift */,
			);
			path = Test;
			sourceTree = "<group>";
		};
		331B82549E5F951AE4F21997 /* Auth */ = {
			isa = PBXGroup;
			children = (
				C41D1590ED26BCAF95CA3650 /* RegistrationView.swift */,
				511F20E653108CE007281485 /* WelcomeView.swift */,
			);
			path = Auth;
			sourceTree = "<group>";
		};
		3C23018FF6613F589AA02CEB /* Products */ = {
			isa = PBXGroup;
			children = (
				2CEC069BFB05B84DA04D4F18 /* IQTracker.app */,
				9991BD48AC67777078326042 /* IQTrackerTests.xctest */,
				AD2E38C0896323D5F489D33F /* IQTracker.app */,
				358C11353F1FEC9CE41FDDC3 /* IQTrackerTests.xctest */,
			);
			name = Products;
			sourceTree = "<group>";
		};
		63ED0BA88638364748F7C3FC /* IQTrackerTests */ = {
			isa = PBXGroup;
			children = (
				055F17F3D066294DB72A2006 /* Mocks */,
				0CF338C0D0FFA2CB33019FFF /* ViewModels */,
			);
			path = IQTrackerTests;
			sourceTree = "<group>";
		};
		6AFE36D6770B9381AF55D5A0 /* Services */ = {
			isa = PBXGroup;
			children = (
				C5D7E9F1A3B5C7D9E1F3A5B7 /* Analytics */,
				E5F57B10700DE22700356583 /* API */,
				B8323635CAA0B9677478489C /* Auth */,
				AD8782CBF18F682217D10EA2 /* Storage */,
			);
			path = Services;
			sourceTree = "<group>";
		};
		8B519C62B870ED4C9F2F394B = {
			isa = PBXGroup;
			children = (
				970DDFA52A2533A088D083E6 /* IQTracker */,
				63ED0BA88638364748F7C3FC /* IQTrackerTests */,
				209A206DB60F9D5CE07F8436 /* Frameworks */,
				3C23018FF6613F589AA02CEB /* Products */,
				3CE77B9B59A13917FC3CE867 /* IQTracker.xcodeproj */,
			);
			sourceTree = "<group>";
		};
		8F2E6D36A26ACC6EFAF5833C /* Common */ = {
			isa = PBXGroup;
			children = (
				032F8945603646E89A4C0F12 /* ContentView.swift */,
				0C3B19EAE46533063BDD9DAF /* CustomTextField.swift */,
				473678EF6D55B9C2E25ED72D /* EmptyStateView.swift */,
				67CEB2DCF7782567F9CBF677 /* ErrorBanner.swift */,
				9AA15DF43B47008B21D0BCF9 /* ErrorView.swift */,
				71784E51191C7B135F175A35 /* LoadingOverlay.swift */,
				7ACE99643E658A7B23DA53C3 /* LoadingView.swift */,
				37BB50D991A32B416A57E171 /* MainTabView.swift */,
				A46174E2D8FEE08DEBCAAE9C /* NetworkStatusBanner.swift */,
				36E8B9155D2D60439EDA7C02 /* PrimaryButton.swift */,
				FBEE4A6F5EB368890F6507C8 /* RootView.swift */,
			);
			path = Common;
			sourceTree = "<group>";
		};
		9054A169857654BFC2A579CC /* Extensions */ = {
			isa = PBXGroup;
			children = (
				89F7CBB463D9BFE8517D7F21 /* Date+Extensions.swift */,
				B5417B4CD26041562A41E46B /* String+Extensions.swift */,
				5261BFE90E4BE297C8F4D661 /* View+Extensions.swift */,
			);
			path = Extensions;
			sourceTree = "<group>";
		};
		970DDFA52A2533A088D083E6 /* IQTracker */ = {
			isa = PBXGroup;
			children = (
				220AB5C8EBF32FEBE3533030 /* AppDelegate.swift */,
				7A0B3336ACC1395A6017781A /* Assets.xcassets */,
				2A92FBC0678B2E896CA141C9 /* Info.plist */,
				54A82E41DC9C54475BC41B81 /* IQTracker.entitlements */,
				B67FA448BFAB112EAB0F5C41 /* IQTrackerApp.swift */,
				19457F6CEF4C46AAD35D0518 /* Models */,
				6AFE36D6770B9381AF55D5A0 /* Services */,
				12CC20E9AA7ED05430234E9B /* Utilities */,
				25C537FD0D2CE13ADC5D0CEF /* ViewModels */,
				2435EBB8ED00DA11629F1B10 /* Views */,
			);
			path = IQTracker;
			sourceTree = "<group>";
		};
		AD8782CBF18F682217D10EA2 /* Storage */ = {
			isa = PBXGroup;
			children = (
				2C29486AFD5130B405113D8A /* DataCache.swift */,
				3E09B407D867D4141B0DAB81 /* KeychainStorage.swift */,
				02E335C117D5FF872728F5B0 /* LocalAnswerStorage.swift */,
				C3AD4E8BA8243FCABD9E4FB4 /* SecureStorageProtocol.swift */,
			);
			path = Storage;
			sourceTree = "<group>";
		};
		B8323635CAA0B9677478489C /* Auth */ = {
			isa = PBXGroup;
			children = (
				6C93C10094A1EA5A4B6124EE /* AuthManager.swift */,
				676A5A2950F1BD7859D35DC3 /* AuthManagerProtocol.swift */,
				80193C5570A9CD7D1AFA9386 /* AuthService.swift */,
				8E7BCB4CC05FA692DC3EE511 /* AuthServiceProtocol.swift */,
				53CA2AD619C442D69F44A581 /* NotificationService.swift */,
				C64FE278A925F2286ADD61B2 /* TokenRefreshInterceptor.swift */,
				62B75FB0EA5BA9F69AF3E323 /* NotificationManager.swift */,
			);
			path = Auth;
			sourceTree = "<group>";
		};
		C47135858E341B2ED50A619C /* Helpers */ = {
			isa = PBXGroup;
			children = (
				2A1A0D7C2A77C6D1B6AFAC46 /* AppConfig.swift */,
				434B6F6E612E8135BEB9EF58 /* Validators.swift */,
			);
			path = Helpers;
			sourceTree = "<group>";
		};
		C5D7E9F1A3B5C7D9E1F3A5B7 /* Analytics */ = {
			isa = PBXGroup;
			children = (
				A3B5C7D9E1F3A5B7C9D1E3F5 /* AnalyticsService.swift */,
			);
			path = Analytics;
			sourceTree = "<group>";
		};
		D460B8527E0ABFDA28B1CBA9 /* Dashboard */ = {
			isa = PBXGroup;
			children = (
				7E54FA66E4F699B5F09EC5DA /* DashboardView.swift */,
			);
			path = Dashboard;
			sourceTree = "<group>";
		};
		E5F57B10700DE22700356583 /* API */ = {
			isa = PBXGroup;
			children = (
				D588304008C2CFF98967110F /* APIClient.swift */,
				393F8818483E0E7701A1A328 /* MockAPIClient.swift */,
				E2663855F834DC8669ED571A /* NetworkLogger.swift */,
				D5F42C32E420524BE19718FA /* NetworkMonitor.swift */,
				A60BF6153CD6BF7A06AAD263 /* RequestInterceptor.swift */,
				C8406052CBAD0F63C70A944A /* RetryPolicy.swift */,
			);
			path = API;
			sourceTree = "<group>";
		};
/* End PBXGroup section */

/* Begin PBXNativeTarget section */
		23A0A6B356F16A47EDFDB64C /* IQTracker */ = {
			isa = PBXNativeTarget;
			buildConfigurationList = 9C28FB48F4FB45249BD575CA /* Build configuration list for PBXNativeTarget "IQTracker" */;
			buildPhases = (
				668A1E918948E33A2B048EFE /* Sources */,
				3D252AE194A00EAF09802638 /* Resources */,
				4335A565C19AD5D825B43631 /* Frameworks */,
			);
			buildRules = (
			);
			dependencies = (
			);
			name = IQTracker;
			productName = IQTracker;
			productReference = 2CEC069BFB05B84DA04D4F18 /* IQTracker.app */;
			productType = "com.apple.product-type.application";
		};
		ABAF8BDEB1015C8CB0388D78 /* IQTrackerTests */ = {
			isa = PBXNativeTarget;
			buildConfigurationList = 35AD765916746E731EAE7CB0 /* Build configuration list for PBXNativeTarget "IQTrackerTests" */;
			buildPhases = (
				1DC782FCABCF56C1F5C91D36 /* Sources */,
			);
			buildRules = (
			);
			dependencies = (
				521E2046C6D323A890193A34 /* PBXTargetDependency */,
			);
			name = IQTrackerTests;
			productName = IQTrackerTests;
			productReference = 9991BD48AC67777078326042 /* IQTrackerTests.xctest */;
			productType = "com.apple.product-type.bundle.unit-test";
		};
/* End PBXNativeTarget section */

/* Begin PBXProject section */
		583F9FE9CB7C10A5D27386BB /* Project object */ = {
			isa = PBXProject;
			attributes = {
				BuildIndependentTargetsInParallel = YES;
				LastUpgradeCheck = 1430;
			};
			buildConfigurationList = 35EF6E15FB653F3D13ADAFEC /* Build configuration list for PBXProject "IQTracker" */;
			compatibilityVersion = "Xcode 14.0";
			developmentRegion = en;
			hasScannedForEncodings = 0;
			knownRegions = (
				Base,
				en,
			);
			mainGroup = 8B519C62B870ED4C9F2F394B;
			minimizedProjectReferenceProxies = 1;
			preferredProjectObjectVersion = 77;
			productRefGroup = 3C23018FF6613F589AA02CEB /* Products */;
			projectDirPath = "";
			projectReferences = (
				{
					ProductGroup = 3C23018FF6613F589AA02CEB /* Products */;
					ProjectRef = 3CE77B9B59A13917FC3CE867 /* IQTracker.xcodeproj */;
				},
			);
			projectRoot = "";
			targets = (
				23A0A6B356F16A47EDFDB64C /* IQTracker */,
				ABAF8BDEB1015C8CB0388D78 /* IQTrackerTests */,
			);
		};
/* End PBXProject section */

/* Begin PBXReferenceProxy section */
		358C11353F1FEC9CE41FDDC3 /* IQTrackerTests.xctest */ = {
			isa = PBXReferenceProxy;
			fileType = wrapper.cfbundle;
			path = IQTrackerTests.xctest;
			remoteRef = 89ACD3EE3DB705A435C7DC2F /* PBXContainerItemProxy */;
			sourceTree = BUILT_PRODUCTS_DIR;
		};
		AD2E38C0896323D5F489D33F /* IQTracker.app */ = {
			isa = PBXReferenceProxy;
			fileType = wrapper.application;
			path = IQTracker.app;
			remoteRef = F87C1CEC92B4F71BA70C738E /* PBXContainerItemProxy */;
			sourceTree = BUILT_PRODUCTS_DIR;
		};
/* End PBXReferenceProxy section */

/* Begin PBXResourcesBuildPhase section */
		3D252AE194A00EAF09802638 /* Resources */ = {
			isa = PBXResourcesBuildPhase;
			buildActionMask = 2147483647;
			files = (
				AE62AA3C08E95DB228CACE7F /* Assets.xcassets in Resources */,
			);
			runOnlyForDeploymentPostprocessing = 0;
		};
/* End PBXResourcesBuildPhase section */

/* Begin PBXSourcesBuildPhase section */
		1DC782FCABCF56C1F5C91D36 /* Sources */ = {
			isa = PBXSourcesBuildPhase;
			buildActionMask = 2147483647;
			files = (
				4BF3606C1AA521EF723F09E3 /* BaseViewModelTests.swift in Sources */,
				F09F453DD0F5E046CF0F68C2 /* LoginViewModelTests.swift in Sources */,
				348117B474C84837E6D632E6 /* MockAuthManager.swift in Sources */,
				354A07CEC538B8C1138FF155 /* RegistrationViewModelTests.swift in Sources */,
				C87861B0E1FC354674C088A6 /* RegistrationViewModelValidationTests.swift in Sources */,
			);
			runOnlyForDeploymentPostprocessing = 0;
		};
		668A1E918948E33A2B048EFE /* Sources */ = {
			isa = PBXSourcesBuildPhase;
			buildActionMask = 2147483647;
			files = (
				2D4E8A7B9C1F3D5E6A2B4C8F /* AnalyticsService.swift in Sources */,
				87847D4F6921B82896C57328 /* APIClient.swift in Sources */,
				899C55ED04C9CB82D0982A14 /* APIError.swift in Sources */,
				BDD8082177D8D3108C6F2543 /* AnswerInputView.swift in Sources */,
				B21BA9DD4167BDF1852D1EC8 /* AppConfig.swift in Sources */,
				78F1F140FFAB9F0F2E04EF4E /* AppDelegate.swift in Sources */,
				C724BDDCDE04C6024C537E6A /* Auth.swift in Sources */,
				CF07968ED73AAC85C285FBDD /* AuthManager.swift in Sources */,
				E1461CEF734E470485969D85 /* AuthManagerProtocol.swift in Sources */,
				8F162E02A7B1DF68E089D685 /* AuthService.swift in Sources */,
				4F161655DD9EDF1D39132FE6 /* AuthServiceProtocol.swift in Sources */,
				52B0B8DC01B04B3B8FF79EEF /* NotificationService.swift in Sources */,
				D04137C13259CE5C9D267435 /* BaseViewModel.swift in Sources */,
				463B6496D534272DE2DB6125 /* ContentView.swift in Sources */,
				4B51F0984F8C3838F4E8EFA5 /* CustomTextField.swift in Sources */,
				4E5C0B35D5517B8C1796DBAC /* DashboardView.swift in Sources */,
				8157ADA4E6ECBAC294EF3847 /* DashboardViewModel.swift in Sources */,
				46F689D5209ADA4F3C0619C6 /* DataCache.swift in Sources */,
				26CF5D1A1AA7C5B77A244EE6 /* Date+Extensions.swift in Sources */,
				2B6037CB6F9A0E3A3DD13B9E /* EmptyStateView.swift in Sources */,
				6E1EB0DAAF8F6606D18C1BCE /* ErrorBanner.swift in Sources */,
				B9ED84EC51137DEBAAED6983 /* ErrorView.swift in Sources */,
				800D854C2A16D5BCF6A3A0C6 /* HistoryView.swift in Sources */,
				0FDC01236CFD3443FA27A45C /* HistoryViewModel.swift in Sources */,
				BB0A35ADCC8900F61FF3AA69 /* IQTrackerApp.swift in Sources */,
				A450BDE1AC3B5ED5396006B8 /* IQTrendChart.swift in Sources */,
				0B164F8AC5D529748951EF6C /* InsightsCardView.swift in Sources */,
				91429C7C16E238E0C072F0E3 /* KeychainStorage.swift in Sources */,
				1B7C4B863956DA477A931C3C /* LoadingOverlay.swift in Sources */,
				351F95043E2BEBB36F24E35F /* LoadingView.swift in Sources */,
				015349D76C6748A7E2A41E1F /* LocalAnswerStorage.swift in Sources */,
				530531E24E0ACE60A41AC0CC /* LoginViewModel.swift in Sources */,
				53B2C01514AAE02D8B84AE2F /* MainTabView.swift in Sources */,
				12E5E143015C1776441F6F5F /* MockAPIClient.swift in Sources */,
				2C95FEDE80C248AF74AFA03D /* NetworkLogger.swift in Sources */,
				89481B3B3B6250D18FB1CBCF /* NetworkMonitor.swift in Sources */,
				7460650B71B8E7FD1FD123EE /* NetworkStatusBanner.swift in Sources */,
				A15A26EBC8ABA9C684463682 /* PerformanceInsights.swift in Sources */,
				BFF4359E4728C06CE24F7D38 /* PrimaryButton.swift in Sources */,
				96C201B39BD49675D938708E /* Question.swift in Sources */,
				FB3D1D04F6A27722E71C7F97 /* QuestionCardView.swift in Sources */,
				9469FACC6CB7EE0D538EEFED /* QuestionNavigationGrid.swift in Sources */,
				9F6B77E6B495AAFC6439CD43 /* RegistrationView.swift in Sources */,
				21A658E2072F82F9451E2D51 /* RegistrationViewModel.swift in Sources */,
				941A5FDD13415534E0F0FA1F /* RequestInterceptor.swift in Sources */,
				322E3DEED30F9ADC78C2DA5C /* RetryPolicy.swift in Sources */,
				D4F6AC949335597F012013FC /* RootView.swift in Sources */,
				9706C70DE6F5A17621F0C778 /* SavedTestProgress.swift in Sources */,
				EECD2F2DDE32F01356802851 /* SecureStorageProtocol.swift in Sources */,
				59C22BCC893D44D1D6B0D8FD /* SettingsView.swift in Sources */,
				839DA70AA82533D50930E73F /* String+Extensions.swift in Sources */,
				22CFA102A085208C5A02A0E3 /* TestDetailView+Helpers.swift in Sources */,
				4D1E9E5EE6540F1ECB01F60C /* TestDetailView.swift in Sources */,
				E8DC7E76D64DF32DCCCAB102 /* TestHistoryListItem.swift in Sources */,
				B23A55ED0D362D1647AFD2AA /* TestProgressView.swift in Sources */,
				D88029805B3118E461FA3658 /* TestResult.swift in Sources */,
				2C397E2E8437DE9B2E7EDC0E /* TestResultsView.swift in Sources */,
				CB53CBAECADC29C37C7D6EB9 /* TestSession.swift in Sources */,
				3D3F26FF367BD9BC77353227 /* TestTakingView.swift in Sources */,
				717530B196F1E5ACA7BCFA6F /* TestTakingViewModel+MockData.swift in Sources */,
				55F4339B62B74D988BB3DB89 /* TestTakingViewModel.swift in Sources */,
				6DF5EFD0C18FAE3A2ABE79D7 /* TokenRefreshInterceptor.swift in Sources */,
				243E6FADFA76EE5B97002024 /* User.swift in Sources */,
				6A8E2C9A29244DF090FF95E4 /* Validators.swift in Sources */,
				9ECF18887ECC57B03496959F /* View+Extensions.swift in Sources */,
				95C81A1F6CCE0B3C5FB3D25E /* ViewModelProtocol.swift in Sources */,
				A456DCF6620AFC49DC1594E7 /* WelcomeView.swift in Sources */,
				F7480280BCE683D14926BD93 /* NotificationSettingsViewModel.swift in Sources */,
				6ACE6887E7912C56422B641D /* NotificationSettingsView.swift in Sources */,
				03D4E0477F6CAD3F7DBCAA47 /* NotificationManager.swift in Sources */,
				A6FE5141F061D18080388EBF /* ColorPalette.swift in Sources */,
				6738DF0A64349DA00F6F19AB /* DesignSystem.swift in Sources */,
				34143B15075FCB232026F3CA /* Typography.swift in Sources */,
			);
			runOnlyForDeploymentPostprocessing = 0;
		};
/* End PBXSourcesBuildPhase section */

/* Begin PBXTargetDependency section */
		521E2046C6D323A890193A34 /* PBXTargetDependency */ = {
			isa = PBXTargetDependency;
			target = 23A0A6B356F16A47EDFDB64C /* IQTracker */;
			targetProxy = FB8E748FA7DE2B1BF12F9BBE /* PBXContainerItemProxy */;
		};
/* End PBXTargetDependency section */

/* Begin XCBuildConfiguration section */
		04A3C87A3E00BB4B8E99E145 /* Release */ = {
			isa = XCBuildConfiguration;
			buildSettings = {
				ASSETCATALOG_COMPILER_APPICON_NAME = AppIcon;
				ASSETCATALOG_COMPILER_GLOBAL_ACCENT_COLOR_NAME = AccentColor;
				CODE_SIGN_ENTITLEMENTS = IQTracker/IQTracker.entitlements;
				CODE_SIGN_IDENTITY = "iPhone Developer";
				ENABLE_PREVIEWS = YES;
				INFOPLIST_FILE = IQTracker/Info.plist;
				IPHONEOS_DEPLOYMENT_TARGET = 16.0;
				LD_RUNPATH_SEARCH_PATHS = (
					"$(inherited)",
					"@executable_path/Frameworks",
				);
				PRODUCT_BUNDLE_IDENTIFIER = com.iqtracker.app;
				SDKROOT = iphoneos;
				SWIFT_EMIT_LOC_STRINGS = YES;
				TARGETED_DEVICE_FAMILY = "1,2";
			};
			name = Release;
		};
		0DCFDA5B98F23F6924E9FCAA /* Debug */ = {
			isa = XCBuildConfiguration;
			buildSettings = {
				ALWAYS_SEARCH_USER_PATHS = NO;
				CLANG_ANALYZER_NONNULL = YES;
				CLANG_ANALYZER_NUMBER_OBJECT_CONVERSION = YES_AGGRESSIVE;
				CLANG_CXX_LANGUAGE_STANDARD = "gnu++14";
				CLANG_CXX_LIBRARY = "libc++";
				CLANG_ENABLE_MODULES = YES;
				CLANG_ENABLE_OBJC_ARC = YES;
				CLANG_ENABLE_OBJC_WEAK = YES;
				CLANG_WARN_BLOCK_CAPTURE_AUTORELEASING = YES;
				CLANG_WARN_BOOL_CONVERSION = YES;
				CLANG_WARN_COMMA = YES;
				CLANG_WARN_CONSTANT_CONVERSION = YES;
				CLANG_WARN_DEPRECATED_OBJC_IMPLEMENTATIONS = YES;
				CLANG_WARN_DIRECT_OBJC_ISA_USAGE = YES_ERROR;
				CLANG_WARN_DOCUMENTATION_COMMENTS = YES;
				CLANG_WARN_EMPTY_BODY = YES;
				CLANG_WARN_ENUM_CONVERSION = YES;
				CLANG_WARN_INFINITE_RECURSION = YES;
				CLANG_WARN_INT_CONVERSION = YES;
				CLANG_WARN_NON_LITERAL_NULL_CONVERSION = YES;
				CLANG_WARN_OBJC_IMPLICIT_RETAIN_SELF = YES;
				CLANG_WARN_OBJC_LITERAL_CONVERSION = YES;
				CLANG_WARN_OBJC_ROOT_CLASS = YES_ERROR;
				CLANG_WARN_QUOTED_INCLUDE_IN_FRAMEWORK_HEADER = YES;
				CLANG_WARN_RANGE_LOOP_ANALYSIS = YES;
				CLANG_WARN_STRICT_PROTOTYPES = YES;
				CLANG_WARN_SUSPICIOUS_MOVE = YES;
				CLANG_WARN_UNGUARDED_AVAILABILITY = YES_AGGRESSIVE;
				CLANG_WARN_UNREACHABLE_CODE = YES;
				CLANG_WARN__DUPLICATE_METHOD_MATCH = YES;
				COPY_PHASE_STRIP = NO;
				DEBUG_INFORMATION_FORMAT = dwarf;
				ENABLE_PREVIEWS = YES;
				ENABLE_STRICT_OBJC_MSGSEND = YES;
				ENABLE_TESTABILITY = YES;
				GCC_C_LANGUAGE_STANDARD = gnu11;
				GCC_DYNAMIC_NO_PIC = NO;
				GCC_NO_COMMON_BLOCKS = YES;
				GCC_OPTIMIZATION_LEVEL = 0;
				GCC_PREPROCESSOR_DEFINITIONS = (
					"$(inherited)",
					"DEBUG=1",
				);
				GCC_WARN_64_TO_32_BIT_CONVERSION = YES;
				GCC_WARN_ABOUT_RETURN_TYPE = YES_ERROR;
				GCC_WARN_UNDECLARED_SELECTOR = YES;
				GCC_WARN_UNINITIALIZED_AUTOS = YES_AGGRESSIVE;
				GCC_WARN_UNUSED_FUNCTION = YES;
				GCC_WARN_UNUSED_VARIABLE = YES;
				IPHONEOS_DEPLOYMENT_TARGET = 16.0;
				MTL_ENABLE_DEBUG_INFO = INCLUDE_SOURCE;
				MTL_FAST_MATH = YES;
				ONLY_ACTIVE_ARCH = YES;
				PRODUCT_NAME = "$(TARGET_NAME)";
				SDKROOT = iphoneos;
				SWIFT_ACTIVE_COMPILATION_CONDITIONS = DEBUG;
				SWIFT_OPTIMIZATION_LEVEL = "-Onone";
				SWIFT_VERSION = 5.9;
				TARGETED_DEVICE_FAMILY = 1;
			};
			name = Debug;
		};
		10746E4FD1B97FA14129F675 /* Release */ = {
			isa = XCBuildConfiguration;
			buildSettings = {
				ALWAYS_SEARCH_USER_PATHS = NO;
				CLANG_ANALYZER_NONNULL = YES;
				CLANG_ANALYZER_NUMBER_OBJECT_CONVERSION = YES_AGGRESSIVE;
				CLANG_CXX_LANGUAGE_STANDARD = "gnu++14";
				CLANG_CXX_LIBRARY = "libc++";
				CLANG_ENABLE_MODULES = YES;
				CLANG_ENABLE_OBJC_ARC = YES;
				CLANG_ENABLE_OBJC_WEAK = YES;
				CLANG_WARN_BLOCK_CAPTURE_AUTORELEASING = YES;
				CLANG_WARN_BOOL_CONVERSION = YES;
				CLANG_WARN_COMMA = YES;
				CLANG_WARN_CONSTANT_CONVERSION = YES;
				CLANG_WARN_DEPRECATED_OBJC_IMPLEMENTATIONS = YES;
				CLANG_WARN_DIRECT_OBJC_ISA_USAGE = YES_ERROR;
				CLANG_WARN_DOCUMENTATION_COMMENTS = YES;
				CLANG_WARN_EMPTY_BODY = YES;
				CLANG_WARN_ENUM_CONVERSION = YES;
				CLANG_WARN_INFINITE_RECURSION = YES;
				CLANG_WARN_INT_CONVERSION = YES;
				CLANG_WARN_NON_LITERAL_NULL_CONVERSION = YES;
				CLANG_WARN_OBJC_IMPLICIT_RETAIN_SELF = YES;
				CLANG_WARN_OBJC_LITERAL_CONVERSION = YES;
				CLANG_WARN_OBJC_ROOT_CLASS = YES_ERROR;
				CLANG_WARN_QUOTED_INCLUDE_IN_FRAMEWORK_HEADER = YES;
				CLANG_WARN_RANGE_LOOP_ANALYSIS = YES;
				CLANG_WARN_STRICT_PROTOTYPES = YES;
				CLANG_WARN_SUSPICIOUS_MOVE = YES;
				CLANG_WARN_UNGUARDED_AVAILABILITY = YES_AGGRESSIVE;
				CLANG_WARN_UNREACHABLE_CODE = YES;
				CLANG_WARN__DUPLICATE_METHOD_MATCH = YES;
				COPY_PHASE_STRIP = NO;
				DEBUG_INFORMATION_FORMAT = "dwarf-with-dsym";
				ENABLE_NS_ASSERTIONS = NO;
				ENABLE_PREVIEWS = YES;
				ENABLE_STRICT_OBJC_MSGSEND = YES;
				GCC_C_LANGUAGE_STANDARD = gnu11;
				GCC_NO_COMMON_BLOCKS = YES;
				GCC_WARN_64_TO_32_BIT_CONVERSION = YES;
				GCC_WARN_ABOUT_RETURN_TYPE = YES_ERROR;
				GCC_WARN_UNDECLARED_SELECTOR = YES;
				GCC_WARN_UNINITIALIZED_AUTOS = YES_AGGRESSIVE;
				GCC_WARN_UNUSED_FUNCTION = YES;
				GCC_WARN_UNUSED_VARIABLE = YES;
				IPHONEOS_DEPLOYMENT_TARGET = 16.0;
				MTL_ENABLE_DEBUG_INFO = NO;
				MTL_FAST_MATH = YES;
				PRODUCT_NAME = "$(TARGET_NAME)";
				SDKROOT = iphoneos;
				SWIFT_COMPILATION_MODE = wholemodule;
				SWIFT_OPTIMIZATION_LEVEL = "-O";
				SWIFT_VERSION = 5.9;
				TARGETED_DEVICE_FAMILY = 1;
			};
			name = Release;
		};
		11389CDBD13381CB93869173 /* Debug */ = {
			isa = XCBuildConfiguration;
			buildSettings = {
				BUNDLE_LOADER = "$(TEST_HOST)";
				GENERATE_INFOPLIST_FILE = YES;
				IPHONEOS_DEPLOYMENT_TARGET = 16.0;
				LD_RUNPATH_SEARCH_PATHS = (
					"$(inherited)",
					"@executable_path/Frameworks",
					"@loader_path/Frameworks",
				);
				PRODUCT_BUNDLE_IDENTIFIER = com.iqtracker.tests;
				SDKROOT = iphoneos;
				SWIFT_EMIT_LOC_STRINGS = YES;
				TARGETED_DEVICE_FAMILY = "1,2";
				TEST_HOST = "$(BUILT_PRODUCTS_DIR)/IQTracker.app/IQTracker";
			};
			name = Debug;
		};
		7CEC760AB12B7B46B8520860 /* Release */ = {
			isa = XCBuildConfiguration;
			buildSettings = {
				BUNDLE_LOADER = "$(TEST_HOST)";
				GENERATE_INFOPLIST_FILE = YES;
				IPHONEOS_DEPLOYMENT_TARGET = 16.0;
				LD_RUNPATH_SEARCH_PATHS = (
					"$(inherited)",
					"@executable_path/Frameworks",
					"@loader_path/Frameworks",
				);
				PRODUCT_BUNDLE_IDENTIFIER = com.iqtracker.tests;
				SDKROOT = iphoneos;
				SWIFT_EMIT_LOC_STRINGS = YES;
				TARGETED_DEVICE_FAMILY = "1,2";
				TEST_HOST = "$(BUILT_PRODUCTS_DIR)/IQTracker.app/IQTracker";
			};
			name = Release;
		};
		883D4CB7669D67E15CA50344 /* Debug */ = {
			isa = XCBuildConfiguration;
			buildSettings = {
				ASSETCATALOG_COMPILER_APPICON_NAME = AppIcon;
				ASSETCATALOG_COMPILER_GLOBAL_ACCENT_COLOR_NAME = AccentColor;
				CODE_SIGN_ENTITLEMENTS = IQTracker/IQTracker.entitlements;
				CODE_SIGN_IDENTITY = "iPhone Developer";
				ENABLE_PREVIEWS = YES;
				INFOPLIST_FILE = IQTracker/Info.plist;
				IPHONEOS_DEPLOYMENT_TARGET = 16.0;
				LD_RUNPATH_SEARCH_PATHS = (
					"$(inherited)",
					"@executable_path/Frameworks",
				);
				PRODUCT_BUNDLE_IDENTIFIER = com.iqtracker.app;
				SDKROOT = iphoneos;
				SWIFT_EMIT_LOC_STRINGS = YES;
				TARGETED_DEVICE_FAMILY = "1,2";
			};
			name = Debug;
		};
/* End XCBuildConfiguration section */

/* Begin XCConfigurationList section */
		35AD765916746E731EAE7CB0 /* Build configuration list for PBXNativeTarget "IQTrackerTests" */ = {
			isa = XCConfigurationList;
			buildConfigurations = (
				11389CDBD13381CB93869173 /* Debug */,
				7CEC760AB12B7B46B8520860 /* Release */,
			);
			defaultConfigurationIsVisible = 0;
			defaultConfigurationName = Debug;
		};
		35EF6E15FB653F3D13ADAFEC /* Build configuration list for PBXProject "IQTracker" */ = {
			isa = XCConfigurationList;
			buildConfigurations = (
				0DCFDA5B98F23F6924E9FCAA /* Debug */,
				10746E4FD1B97FA14129F675 /* Release */,
			);
			defaultConfigurationIsVisible = 0;
			defaultConfigurationName = Debug;
		};
		9C28FB48F4FB45249BD575CA /* Build configuration list for PBXNativeTarget "IQTracker" */ = {
			isa = XCConfigurationList;
			buildConfigurations = (
				883D4CB7669D67E15CA50344 /* Debug */,
				04A3C87A3E00BB4B8E99E145 /* Release */,
			);
			defaultConfigurationIsVisible = 0;
			defaultConfigurationName = Debug;
		};
/* End XCConfigurationList section */
	};
	rootObject = 583F9FE9CB7C10A5D27386BB /* Project object */;
}
